{
  "version": 4,
  "terraform_version": "1.11.4",
  "serial": 228,
  "lineage": "8e56d1c7-4848-8898-557c-af0c2bab178e",
  "outputs": {
    "audit_bucket": {
      "value": "vapewatch-audit-dev-9fe14d24",
      "type": "string"
    },
    "cognito_client_id": {
      "value": "70uj7i64i26a2thon7baq4jglk",
      "type": "string"
    },
    "cognito_user_pool_id": {
      "value": "ap-southeast-1_IqNiNEW8J",
      "type": "string"
    },
    "dynamodb_table": {
      "value": "vapewatch-reports-dev",
      "type": "string"
    },
    "evidence_bucket": {
      "value": "vapewatch-evidence-dev-9fe14d24",
      "type": "string"
    },
    "http_api_url": {
      "value": "https://pot72ae919.execute-api.ap-southeast-1.amazonaws.com/dev",
      "type": "string"
    },
    "raw_bucket": {
      "value": "vapewatch-raw-dev-9fe14d24",
      "type": "string"
    },
    "sns_topic_arn": {
      "value": "arn:aws:sns:ap-southeast-1:156999051350:vapewatch-officer-alerts-9fe14d24",
      "type": "string"
    },
    "state_machine_arn": {
      "value": "arn:aws:states:ap-southeast-1:156999051350:stateMachine:vapewatch-pipeline-dev",
      "type": "string"
    }
  },
  "resources": [
    {
      "mode": "data",
      "type": "archive_file",
      "name": "audit_zip",
      "provider": "provider[\"registry.terraform.io/hashicorp/archive\"]",
      "instances": [
        {
          "schema_version": 0,
          "attributes": {
            "exclude_symlink_directories": null,
            "excludes": null,
            "id": "3ad5e981d08b325aa60ab6e7ba1515efb3311a99",
            "output_base64sha256": "3zYW94EsYvc5og54GYEXJY3TElRbXbPCQfxMILzLYFY=",
            "output_base64sha512": "q/QKucu0Y65k8pokUM/lhjXzEqO5Zx7HbQZ4inMBwkIpcr05QmpHluun4SGhsRlsOmbGzysiX+lewLJaI70qvQ==",
            "output_file_mode": null,
            "output_md5": "9eed45ef4f65ab512599db9fddd98908",
            "output_path": "./artifacts/audit_sink.zip",
            "output_sha": "3ad5e981d08b325aa60ab6e7ba1515efb3311a99",
            "output_sha256": "df3616f7812c62f739a20e78198117258dd312545b5db3c241fc4c20bccb6056",
            "output_sha512": "abf40ab9cbb463ae64f29a2450cfe58635f312a3b9671ec76d06788a7301c2422972bd39426a4796eba7e121a1b1196c3a66c6cf2b225fe95ec0b25a23bd2abd",
            "output_size": 486,
            "source": [],
            "source_content": null,
            "source_content_filename": null,
            "source_dir": "./lambdas/audit_sink",
            "source_file": null,
            "type": "zip"
          },
          "sensitive_attributes": []
        }
      ]
    },
    {
      "mode": "data",
      "type": "archive_file",
      "name": "enrichment_zip",
      "provider": "provider[\"registry.terraform.io/hashicorp/archive\"]",
      "instances": [
        {
          "schema_version": 0,
          "attributes": {
            "exclude_symlink_directories": null,
            "excludes": null,
            "id": "dd738c697e390d22115d2955f85a2b5186687743",
            "output_base64sha256": "bbJIe6tuktUn9JSUeRhN6UHEG6+RKSHBObBZIp/qGjk=",
            "output_base64sha512": "VqvN2vOeHpVlGG8ObBnBqH2RUR7xm2TQ5U8WAedelE/8OklFEBANhpMZu1eIPwECuP/L7zqVsQ2pAM45g4eYgQ==",
            "output_file_mode": null,
            "output_md5": "db1f31a4f733b5a1e6632b32eb362ff3",
            "output_path": "./artifacts/enrichment.zip",
            "output_sha": "dd738c697e390d22115d2955f85a2b5186687743",
            "output_sha256": "6db2487bab6e92d527f4949479184de941c41baf912921c139b059229fea1a39",
            "output_sha512": "56abcddaf39e1e9565186f0e6c19c1a87d91511ef19b64d0e54f1601e75e944ffc3a494510100d869319bb57883f0102b8ffcbef3a95b10da900ce3983879881",
            "output_size": 180,
            "source": [],
            "source_content": null,
            "source_content_filename": null,
            "source_dir": "./lambdas/enrichment",
            "source_file": null,
            "type": "zip"
          },
          "sensitive_attributes": []
        }
      ]
    },
    {
      "mode": "data",
      "type": "archive_file",
      "name": "inference_zip",
      "provider": "provider[\"registry.terraform.io/hashicorp/archive\"]",
      "instances": [
        {
          "schema_version": 0,
          "attributes": {
            "exclude_symlink_directories": null,
            "excludes": null,
            "id": "dd738c697e390d22115d2955f85a2b5186687743",
            "output_base64sha256": "bbJIe6tuktUn9JSUeRhN6UHEG6+RKSHBObBZIp/qGjk=",
            "output_base64sha512": "VqvN2vOeHpVlGG8ObBnBqH2RUR7xm2TQ5U8WAedelE/8OklFEBANhpMZu1eIPwECuP/L7zqVsQ2pAM45g4eYgQ==",
            "output_file_mode": null,
            "output_md5": "db1f31a4f733b5a1e6632b32eb362ff3",
            "output_path": "./artifacts/inference.zip",
            "output_sha": "dd738c697e390d22115d2955f85a2b5186687743",
            "output_sha256": "6db2487bab6e92d527f4949479184de941c41baf912921c139b059229fea1a39",
            "output_sha512": "56abcddaf39e1e9565186f0e6c19c1a87d91511ef19b64d0e54f1601e75e944ffc3a494510100d869319bb57883f0102b8ffcbef3a95b10da900ce3983879881",
            "output_size": 180,
            "source": [],
            "source_content": null,
            "source_content_filename": null,
            "source_dir": "./lambdas/inference",
            "source_file": null,
            "type": "zip"
          },
          "sensitive_attributes": []
        }
      ]
    },
    {
      "mode": "data",
      "type": "archive_file",
      "name": "ingest_zip",
      "provider": "provider[\"registry.terraform.io/hashicorp/archive\"]",
      "instances": [
        {
          "schema_version": 0,
          "attributes": {
            "exclude_symlink_directories": null,
            "excludes": null,
            "id": "ec4743594a79ccd828492d2b1465bb0188f92a52",
            "output_base64sha256": "/6O6BZ4Vr52R+QPmwa/HuOJ12TUOFkZ6rOMLTWMUOjQ=",
            "output_base64sha512": "9I+UpTKBSRxZkMcfuCuSPDMbxbK8juiTW5VgDXW644tJtQf/ECz046W/fhTUGzTyK3yN3tGdwJfXpUAz9ZO2Tg==",
            "output_file_mode": null,
            "output_md5": "f81eac36bb284563009a83c1a038b698",
            "output_path": "./artifacts/ingest.zip",
            "output_sha": "ec4743594a79ccd828492d2b1465bb0188f92a52",
            "output_sha256": "ffa3ba059e15af9d91f903e6c1afc7b8e275d9350e16467aace30b4d63143a34",
            "output_sha512": "f48f94a53281491c5990c71fb82b923c331bc5b2bc8ee8935b95600d75bae38b49b507ff102cf4e3a5bf7e14d41b34f22b7c8dded19dc097d7a54033f593b64e",
            "output_size": 441,
            "source": [],
            "source_content": null,
            "source_content_filename": null,
            "source_dir": "./lambdas/ingest",
            "source_file": null,
            "type": "zip"
          },
          "sensitive_attributes": []
        }
      ]
    },
    {
      "mode": "data",
      "type": "archive_file",
      "name": "persist_zip",
      "provider": "provider[\"registry.terraform.io/hashicorp/archive\"]",
      "instances": [
        {
          "schema_version": 0,
          "attributes": {
            "exclude_symlink_directories": null,
            "excludes": null,
            "id": "dd738c697e390d22115d2955f85a2b5186687743",
            "output_base64sha256": "bbJIe6tuktUn9JSUeRhN6UHEG6+RKSHBObBZIp/qGjk=",
            "output_base64sha512": "VqvN2vOeHpVlGG8ObBnBqH2RUR7xm2TQ5U8WAedelE/8OklFEBANhpMZu1eIPwECuP/L7zqVsQ2pAM45g4eYgQ==",
            "output_file_mode": null,
            "output_md5": "db1f31a4f733b5a1e6632b32eb362ff3",
            "output_path": "./artifacts/persist.zip",
            "output_sha": "dd738c697e390d22115d2955f85a2b5186687743",
            "output_sha256": "6db2487bab6e92d527f4949479184de941c41baf912921c139b059229fea1a39",
            "output_sha512": "56abcddaf39e1e9565186f0e6c19c1a87d91511ef19b64d0e54f1601e75e944ffc3a494510100d869319bb57883f0102b8ffcbef3a95b10da900ce3983879881",
            "output_size": 180,
            "source": [],
            "source_content": null,
            "source_content_filename": null,
            "source_dir": "./lambdas/persist",
            "source_file": null,
            "type": "zip"
          },
          "sensitive_attributes": []
        }
      ]
    },
    {
      "mode": "data",
      "type": "archive_file",
      "name": "redaction_zip",
      "provider": "provider[\"registry.terraform.io/hashicorp/archive\"]",
      "instances": [
        {
          "schema_version": 0,
          "attributes": {
            "exclude_symlink_directories": null,
            "excludes": null,
            "id": "dd738c697e390d22115d2955f85a2b5186687743",
            "output_base64sha256": "bbJIe6tuktUn9JSUeRhN6UHEG6+RKSHBObBZIp/qGjk=",
            "output_base64sha512": "VqvN2vOeHpVlGG8ObBnBqH2RUR7xm2TQ5U8WAedelE/8OklFEBANhpMZu1eIPwECuP/L7zqVsQ2pAM45g4eYgQ==",
            "output_file_mode": null,
            "output_md5": "db1f31a4f733b5a1e6632b32eb362ff3",
            "output_path": "./artifacts/redaction.zip",
            "output_sha": "dd738c697e390d22115d2955f85a2b5186687743",
            "output_sha256": "6db2487bab6e92d527f4949479184de941c41baf912921c139b059229fea1a39",
            "output_sha512": "56abcddaf39e1e9565186f0e6c19c1a87d91511ef19b64d0e54f1601e75e944ffc3a494510100d869319bb57883f0102b8ffcbef3a95b10da900ce3983879881",
            "output_size": 180,
            "source": [],
            "source_content": null,
            "source_content_filename": null,
            "source_dir": "./lambdas/redaction",
            "source_file": null,
            "type": "zip"
          },
          "sensitive_attributes": []
        }
      ]
    },
    {
      "mode": "data",
      "type": "aws_iam_policy_document",
      "name": "lambda_assume",
      "provider": "provider[\"registry.terraform.io/hashicorp/aws\"]",
      "instances": [
        {
          "schema_version": 0,
          "attributes": {
            "id": "2690255455",
            "json": "{\n  \"Version\": \"2012-10-17\",\n  \"Statement\": [\n    {\n      \"Effect\": \"Allow\",\n      \"Action\": \"sts:AssumeRole\",\n      \"Principal\": {\n        \"Service\": \"lambda.amazonaws.com\"\n      }\n    }\n  ]\n}",
            "minified_json": "{\"Version\":\"2012-10-17\",\"Statement\":[{\"Effect\":\"Allow\",\"Action\":\"sts:AssumeRole\",\"Principal\":{\"Service\":\"lambda.amazonaws.com\"}}]}",
            "override_json": null,
            "override_policy_documents": null,
            "policy_id": null,
            "source_json": null,
            "source_policy_documents": null,
            "statement": [
              {
                "actions": [
                  "sts:AssumeRole"
                ],
                "condition": [],
                "effect": "Allow",
                "not_actions": [],
                "not_principals": [],
                "not_resources": [],
                "principals": [
                  {
                    "identifiers": [
                      "lambda.amazonaws.com"
                    ],
                    "type": "Service"
                  }
                ],
                "resources": [],
                "sid": ""
              }
            ],
            "version": "2012-10-17"
          },
          "sensitive_attributes": []
        }
      ]
    },
    {
      "mode": "data",
      "type": "aws_iam_policy_document",
      "name": "lambda_inline",
      "provider": "provider[\"registry.terraform.io/hashicorp/aws\"]",
      "instances": [
        {
          "schema_version": 0,
          "attributes": {
            "id": "3186393063",
            "json": "{\n  \"Version\": \"2012-10-17\",\n  \"Statement\": [\n    {\n      \"Sid\": \"S3Access\",\n      \"Effect\": \"Allow\",\n      \"Action\": [\n        \"s3:PutObject\",\n        \"s3:ListBucket\",\n        \"s3:GetObject\"\n      ],\n      \"Resource\": [\n        \"arn:aws:s3:::vapewatch-raw-dev-9fe14d24/*\",\n        \"arn:aws:s3:::vapewatch-raw-dev-9fe14d24\",\n        \"arn:aws:s3:::vapewatch-evidence-dev-9fe14d24/*\",\n        \"arn:aws:s3:::vapewatch-evidence-dev-9fe14d24\",\n        \"arn:aws:s3:::vapewatch-audit-dev-9fe14d24/*\",\n        \"arn:aws:s3:::vapewatch-audit-dev-9fe14d24\"\n      ]\n    },\n    {\n      \"Sid\": \"DynamoDBAccess\",\n      \"Effect\": \"Allow\",\n      \"Action\": [\n        \"dynamodb:UpdateItem\",\n        \"dynamodb:PutItem\",\n        \"dynamodb:ListStreams\",\n        \"dynamodb:GetShardIterator\",\n        \"dynamodb:GetRecords\",\n        \"dynamodb:GetItem\",\n        \"dynamodb:DescribeStream\"\n      ],\n      \"Resource\": [\n        \"arn:aws:dynamodb:ap-southeast-1:156999051350:table/vapewatch-reports-dev/stream/2025-10-18T06:57:24.668\",\n        \"arn:aws:dynamodb:ap-southeast-1:156999051350:table/vapewatch-reports-dev\"\n      ]\n    },\n    {\n      \"Sid\": \"SNSPublish\",\n      \"Effect\": \"Allow\",\n      \"Action\": \"sns:Publish\",\n      \"Resource\": \"arn:aws:sns:ap-southeast-1:156999051350:vapewatch-officer-alerts-9fe14d24\"\n    },\n    {\n      \"Sid\": \"StartStateMachine\",\n      \"Effect\": \"Allow\",\n      \"Action\": \"states:StartExecution\",\n      \"Resource\": \"*\"\n    }\n  ]\n}",
            "minified_json": "{\"Version\":\"2012-10-17\",\"Statement\":[{\"Sid\":\"S3Access\",\"Effect\":\"Allow\",\"Action\":[\"s3:PutObject\",\"s3:ListBucket\",\"s3:GetObject\"],\"Resource\":[\"arn:aws:s3:::vapewatch-raw-dev-9fe14d24/*\",\"arn:aws:s3:::vapewatch-raw-dev-9fe14d24\",\"arn:aws:s3:::vapewatch-evidence-dev-9fe14d24/*\",\"arn:aws:s3:::vapewatch-evidence-dev-9fe14d24\",\"arn:aws:s3:::vapewatch-audit-dev-9fe14d24/*\",\"arn:aws:s3:::vapewatch-audit-dev-9fe14d24\"]},{\"Sid\":\"DynamoDBAccess\",\"Effect\":\"Allow\",\"Action\":[\"dynamodb:UpdateItem\",\"dynamodb:PutItem\",\"dynamodb:ListStreams\",\"dynamodb:GetShardIterator\",\"dynamodb:GetRecords\",\"dynamodb:GetItem\",\"dynamodb:DescribeStream\"],\"Resource\":[\"arn:aws:dynamodb:ap-southeast-1:156999051350:table/vapewatch-reports-dev/stream/2025-10-18T06:57:24.668\",\"arn:aws:dynamodb:ap-southeast-1:156999051350:table/vapewatch-reports-dev\"]},{\"Sid\":\"SNSPublish\",\"Effect\":\"Allow\",\"Action\":\"sns:Publish\",\"Resource\":\"arn:aws:sns:ap-southeast-1:156999051350:vapewatch-officer-alerts-9fe14d24\"},{\"Sid\":\"StartStateMachine\",\"Effect\":\"Allow\",\"Action\":\"states:StartExecution\",\"Resource\":\"*\"}]}",
            "override_json": null,
            "override_policy_documents": null,
            "policy_id": null,
            "source_json": null,
            "source_policy_documents": null,
            "statement": [
              {
                "actions": [
                  "s3:GetObject",
                  "s3:ListBucket",
                  "s3:PutObject"
                ],
                "condition": [],
                "effect": "Allow",
                "not_actions": [],
                "not_principals": [],
                "not_resources": [],
                "principals": [],
                "resources": [
                  "arn:aws:s3:::vapewatch-audit-dev-9fe14d24",
                  "arn:aws:s3:::vapewatch-audit-dev-9fe14d24/*",
                  "arn:aws:s3:::vapewatch-evidence-dev-9fe14d24",
                  "arn:aws:s3:::vapewatch-evidence-dev-9fe14d24/*",
                  "arn:aws:s3:::vapewatch-raw-dev-9fe14d24",
                  "arn:aws:s3:::vapewatch-raw-dev-9fe14d24/*"
                ],
                "sid": "S3Access"
              },
              {
                "actions": [
                  "dynamodb:DescribeStream",
                  "dynamodb:GetItem",
                  "dynamodb:GetRecords",
                  "dynamodb:GetShardIterator",
                  "dynamodb:ListStreams",
                  "dynamodb:PutItem",
                  "dynamodb:UpdateItem"
                ],
                "condition": [],
                "effect": "Allow",
                "not_actions": [],
                "not_principals": [],
                "not_resources": [],
                "principals": [],
                "resources": [
                  "arn:aws:dynamodb:ap-southeast-1:156999051350:table/vapewatch-reports-dev",
                  "arn:aws:dynamodb:ap-southeast-1:156999051350:table/vapewatch-reports-dev/stream/2025-10-18T06:57:24.668"
                ],
                "sid": "DynamoDBAccess"
              },
              {
                "actions": [
                  "sns:Publish"
                ],
                "condition": [],
                "effect": "Allow",
                "not_actions": [],
                "not_principals": [],
                "not_resources": [],
                "principals": [],
                "resources": [
                  "arn:aws:sns:ap-southeast-1:156999051350:vapewatch-officer-alerts-9fe14d24"
                ],
                "sid": "SNSPublish"
              },
              {
                "actions": [
                  "states:StartExecution"
                ],
                "condition": [],
                "effect": "Allow",
                "not_actions": [],
                "not_principals": [],
                "not_resources": [],
                "principals": [],
                "resources": [
                  "*"
                ],
                "sid": "StartStateMachine"
              }
            ],
            "version": "2012-10-17"
          },
          "sensitive_attributes": []
        }
      ]
    },
    {
      "mode": "data",
      "type": "aws_iam_policy_document",
      "name": "sfn_assume",
      "provider": "provider[\"registry.terraform.io/hashicorp/aws\"]",
      "instances": [
        {
          "schema_version": 0,
          "attributes": {
            "id": "4022981484",
            "json": "{\n  \"Version\": \"2012-10-17\",\n  \"Statement\": [\n    {\n      \"Effect\": \"Allow\",\n      \"Action\": \"sts:AssumeRole\",\n      \"Principal\": {\n        \"Service\": \"states.amazonaws.com\"\n      }\n    }\n  ]\n}",
            "minified_json": "{\"Version\":\"2012-10-17\",\"Statement\":[{\"Effect\":\"Allow\",\"Action\":\"sts:AssumeRole\",\"Principal\":{\"Service\":\"states.amazonaws.com\"}}]}",
            "override_json": null,
            "override_policy_documents": null,
            "policy_id": null,
            "source_json": null,
            "source_policy_documents": null,
            "statement": [
              {
                "actions": [
                  "sts:AssumeRole"
                ],
                "condition": [],
                "effect": "Allow",
                "not_actions": [],
                "not_principals": [],
                "not_resources": [],
                "principals": [
                  {
                    "identifiers": [
                      "states.amazonaws.com"
                    ],
                    "type": "Service"
                  }
                ],
                "resources": [],
                "sid": ""
              }
            ],
            "version": "2012-10-17"
          },
          "sensitive_attributes": []
        }
      ]
    },
    {
      "mode": "data",
      "type": "aws_iam_policy_document",
      "name": "sfn_inline",
      "provider": "provider[\"registry.terraform.io/hashicorp/aws\"]",
      "instances": [
        {
          "schema_version": 0,
          "attributes": {
            "id": "814225474",
            "json": "{\n  \"Version\": \"2012-10-17\",\n  \"Statement\": [\n    {\n      \"Effect\": \"Allow\",\n      \"Action\": \"lambda:InvokeFunction\",\n      \"Resource\": \"*\"\n    },\n    {\n      \"Effect\": \"Allow\",\n      \"Action\": \"sns:Publish\",\n      \"Resource\": \"arn:aws:sns:ap-southeast-1:156999051350:vapewatch-officer-alerts-9fe14d24\"\n    }\n  ]\n}",
            "minified_json": "{\"Version\":\"2012-10-17\",\"Statement\":[{\"Effect\":\"Allow\",\"Action\":\"lambda:InvokeFunction\",\"Resource\":\"*\"},{\"Effect\":\"Allow\",\"Action\":\"sns:Publish\",\"Resource\":\"arn:aws:sns:ap-southeast-1:156999051350:vapewatch-officer-alerts-9fe14d24\"}]}",
            "override_json": null,
            "override_policy_documents": null,
            "policy_id": null,
            "source_json": null,
            "source_policy_documents": null,
            "statement": [
              {
                "actions": [
                  "lambda:InvokeFunction"
                ],
                "condition": [],
                "effect": "Allow",
                "not_actions": [],
                "not_principals": [],
                "not_resources": [],
                "principals": [],
                "resources": [
                  "*"
                ],
                "sid": ""
              },
              {
                "actions": [
                  "sns:Publish"
                ],
                "condition": [],
                "effect": "Allow",
                "not_actions": [],
                "not_principals": [],
                "not_resources": [],
                "principals": [],
                "resources": [
                  "arn:aws:sns:ap-southeast-1:156999051350:vapewatch-officer-alerts-9fe14d24"
                ],
                "sid": ""
              }
            ],
            "version": "2012-10-17"
          },
          "sensitive_attributes": []
        }
      ]
    },
    {
      "mode": "managed",
      "type": "aws_apigatewayv2_api",
      "name": "http",
      "provider": "provider[\"registry.terraform.io/hashicorp/aws\"]",
      "instances": [
        {
          "schema_version": 0,
          "attributes": {
            "api_endpoint": "https://pot72ae919.execute-api.ap-southeast-1.amazonaws.com",
            "api_key_selection_expression": "$request.header.x-api-key",
            "arn": "arn:aws:apigateway:ap-southeast-1::/apis/pot72ae919",
            "body": null,
            "cors_configuration": [],
            "credentials_arn": null,
            "description": "",
            "disable_execute_api_endpoint": false,
            "execution_arn": "arn:aws:execute-api:ap-southeast-1:156999051350:pot72ae919",
            "fail_on_warnings": null,
            "id": "pot72ae919",
            "ip_address_type": "ipv4",
            "name": "vapewatch-api-dev",
            "protocol_type": "HTTP",
            "route_key": null,
            "route_selection_expression": "$request.method $request.path",
            "tags": {},
            "tags_all": {},
            "target": null,
            "version": ""
          },
          "sensitive_attributes": [],
          "private": "bnVsbA=="
        }
      ]
    },
    {
      "mode": "managed",
      "type": "aws_apigatewayv2_integration",
      "name": "ingest",
      "provider": "provider[\"registry.terraform.io/hashicorp/aws\"]",
      "instances": [
        {
          "schema_version": 0,
          "attributes": {
            "api_id": "pot72ae919",
            "connection_id": "",
            "connection_type": "INTERNET",
            "content_handling_strategy": "",
            "credentials_arn": "",
            "description": "",
            "id": "qhuvbuc",
            "integration_method": "POST",
            "integration_response_selection_expression": "",
            "integration_subtype": "",
            "integration_type": "AWS_PROXY",
            "integration_uri": "arn:aws:apigateway:ap-southeast-1:lambda:path/2015-03-31/functions/arn:aws:lambda:ap-southeast-1:156999051350:function:vapewatch-ingest-dev/invocations",
            "passthrough_behavior": "",
            "payload_format_version": "2.0",
            "request_parameters": null,
            "request_templates": null,
            "response_parameters": [],
            "template_selection_expression": "",
            "timeout_milliseconds": 30000,
            "tls_config": []
          },
          "sensitive_attributes": [],
          "private": "bnVsbA==",
          "dependencies": [
            "aws_apigatewayv2_api.http",
            "aws_dynamodb_table.reports",
            "aws_iam_role.lambda_exec",
            "aws_iam_role.sfn_exec",
            "aws_lambda_function.enrichment",
            "aws_lambda_function.inference",
            "aws_lambda_function.ingest",
            "aws_lambda_function.persist",
            "aws_lambda_function.redaction",
            "aws_s3_bucket.evidence",
            "aws_s3_bucket.raw",
            "aws_sfn_state_machine.pipeline",
            "aws_sns_topic.officer_alerts",
            "data.archive_file.enrichment_zip",
            "data.archive_file.inference_zip",
            "data.archive_file.ingest_zip",
            "data.archive_file.persist_zip",
            "data.archive_file.redaction_zip",
            "data.aws_iam_policy_document.lambda_assume",
            "data.aws_iam_policy_document.sfn_assume",
            "random_id.suffix"
          ]
        }
      ]
    },
    {
      "mode": "managed",
      "type": "aws_apigatewayv2_route",
      "name": "reports",
      "provider": "provider[\"registry.terraform.io/hashicorp/aws\"]",
      "instances": [
        {
          "schema_version": 0,
          "attributes": {
            "api_id": "pot72ae919",
            "api_key_required": false,
            "authorization_scopes": null,
            "authorization_type": "NONE",
            "authorizer_id": "",
            "id": "cxpy58g",
            "model_selection_expression": "",
            "operation_name": "",
            "request_models": null,
            "request_parameter": [],
            "route_key": "POST /reports",
            "route_response_selection_expression": "",
            "target": "integrations/qhuvbuc"
          },
          "sensitive_attributes": [],
          "private": "bnVsbA==",
          "dependencies": [
            "aws_apigatewayv2_api.http",
            "aws_apigatewayv2_integration.ingest",
            "aws_dynamodb_table.reports",
            "aws_iam_role.lambda_exec",
            "aws_iam_role.sfn_exec",
            "aws_lambda_function.enrichment",
            "aws_lambda_function.inference",
            "aws_lambda_function.ingest",
            "aws_lambda_function.persist",
            "aws_lambda_function.redaction",
            "aws_s3_bucket.evidence",
            "aws_s3_bucket.raw",
            "aws_sfn_state_machine.pipeline",
            "aws_sns_topic.officer_alerts",
            "data.archive_file.enrichment_zip",
            "data.archive_file.inference_zip",
            "data.archive_file.ingest_zip",
            "data.archive_file.persist_zip",
            "data.archive_file.redaction_zip",
            "data.aws_iam_policy_document.lambda_assume",
            "data.aws_iam_policy_document.sfn_assume",
            "random_id.suffix"
          ]
        }
      ]
    },
    {
      "mode": "managed",
      "type": "aws_apigatewayv2_stage",
      "name": "http",
      "provider": "provider[\"registry.terraform.io/hashicorp/aws\"]",
      "instances": [
        {
          "schema_version": 0,
          "attributes": {
            "access_log_settings": [],
            "api_id": "pot72ae919",
            "arn": "arn:aws:apigateway:ap-southeast-1::/apis/pot72ae919/stages/dev",
            "auto_deploy": true,
            "client_certificate_id": "",
            "default_route_settings": [
              {
                "data_trace_enabled": false,
                "detailed_metrics_enabled": false,
                "logging_level": "",
                "throttling_burst_limit": 0,
                "throttling_rate_limit": 0
              }
            ],
            "deployment_id": "",
            "description": "",
            "execution_arn": "arn:aws:execute-api:ap-southeast-1:156999051350:pot72ae919/dev",
            "id": "dev",
            "invoke_url": "https://pot72ae919.execute-api.ap-southeast-1.amazonaws.com/dev",
            "name": "dev",
            "route_settings": [],
            "stage_variables": null,
            "tags": null,
            "tags_all": {}
          },
          "sensitive_attributes": [],
          "private": "bnVsbA==",
          "dependencies": [
            "aws_apigatewayv2_api.http"
          ]
        }
      ]
    },
    {
      "mode": "managed",
      "type": "aws_cognito_user_pool",
      "name": "officers",
      "provider": "provider[\"registry.terraform.io/hashicorp/aws\"]",
      "instances": [
        {
          "schema_version": 0,
          "attributes": {
            "account_recovery_setting": [
              {
                "recovery_mechanism": [
                  {
                    "name": "verified_email",
                    "priority": 1
                  },
                  {
                    "name": "verified_phone_number",
                    "priority": 2
                  }
                ]
              }
            ],
            "admin_create_user_config": [
              {
                "allow_admin_create_user_only": false,
                "invite_message_template": []
              }
            ],
            "alias_attributes": null,
            "arn": "arn:aws:cognito-idp:ap-southeast-1:156999051350:userpool/ap-southeast-1_IqNiNEW8J",
            "auto_verified_attributes": null,
            "creation_date": "2025-10-18T06:57:22Z",
            "custom_domain": "",
            "deletion_protection": "INACTIVE",
            "device_configuration": [],
            "domain": "",
            "email_configuration": [
              {
                "configuration_set": "",
                "email_sending_account": "COGNITO_DEFAULT",
                "from_email_address": "",
                "reply_to_email_address": "",
                "source_arn": ""
              }
            ],
            "email_mfa_configuration": [],
            "email_verification_message": "",
            "email_verification_subject": "",
            "endpoint": "cognito-idp.ap-southeast-1.amazonaws.com/ap-southeast-1_IqNiNEW8J",
            "estimated_number_of_users": 0,
            "id": "ap-southeast-1_IqNiNEW8J",
            "lambda_config": [],
            "last_modified_date": "2025-10-18T06:57:22Z",
            "mfa_configuration": "OFF",
            "name": "vapewatch-officers-dev",
            "password_policy": [
              {
                "minimum_length": 8,
                "password_history_size": 0,
                "require_lowercase": true,
                "require_numbers": true,
                "require_symbols": true,
                "require_uppercase": true,
                "temporary_password_validity_days": 7
              }
            ],
            "schema": [],
            "sign_in_policy": [
              {
                "allowed_first_auth_factors": [
                  "PASSWORD"
                ]
              }
            ],
            "sms_authentication_message": "",
            "sms_configuration": [],
            "sms_verification_message": "",
            "software_token_mfa_configuration": [],
            "tags": null,
            "tags_all": {},
            "user_attribute_update_settings": [],
            "user_pool_add_ons": [],
            "user_pool_tier": "ESSENTIALS",
            "username_attributes": null,
            "username_configuration": [],
            "verification_message_template": [
              {
                "default_email_option": "CONFIRM_WITH_CODE",
                "email_message": "",
                "email_message_by_link": "",
                "email_subject": "",
                "email_subject_by_link": "",
                "sms_message": ""
              }
            ],
            "web_authn_configuration": []
          },
          "sensitive_attributes": [],
          "private": "bnVsbA=="
        }
      ]
    },
    {
      "mode": "managed",
      "type": "aws_cognito_user_pool_client",
      "name": "officers",
      "provider": "provider[\"registry.terraform.io/hashicorp/aws\"]",
      "instances": [
        {
          "schema_version": 0,
          "attributes": {
            "access_token_validity": 0,
            "allowed_oauth_flows": [],
            "allowed_oauth_flows_user_pool_client": false,
            "allowed_oauth_scopes": [],
            "analytics_configuration": [],
            "auth_session_validity": 3,
            "callback_urls": [],
            "client_secret": "",
            "default_redirect_uri": "",
            "enable_propagate_additional_user_context_data": false,
            "enable_token_revocation": true,
            "explicit_auth_flows": [],
            "generate_secret": false,
            "id": "70uj7i64i26a2thon7baq4jglk",
            "id_token_validity": 0,
            "logout_urls": [],
            "name": "vapewatch-officers-client-dev",
            "prevent_user_existence_errors": "",
            "read_attributes": [],
            "refresh_token_rotation": [],
            "refresh_token_validity": 30,
            "supported_identity_providers": [],
            "token_validity_units": [],
            "user_pool_id": "ap-southeast-1_IqNiNEW8J",
            "write_attributes": []
          },
          "sensitive_attributes": [
            [
              {
                "type": "get_attr",
                "value": "client_secret"
              }
            ]
          ],
          "dependencies": [
            "aws_cognito_user_pool.officers"
          ]
        }
      ]
    },
    {
      "mode": "managed",
      "type": "aws_dynamodb_table",
      "name": "reports",
      "provider": "provider[\"registry.terraform.io/hashicorp/aws\"]",
      "instances": [
        {
          "schema_version": 1,
          "attributes": {
            "arn": "arn:aws:dynamodb:ap-southeast-1:156999051350:table/vapewatch-reports-dev",
            "attribute": [
              {
                "name": "report_id",
                "type": "S"
              },
              {
                "name": "submitted_at",
                "type": "S"
              }
            ],
            "billing_mode": "PAY_PER_REQUEST",
            "deletion_protection_enabled": false,
            "global_secondary_index": [],
            "hash_key": "report_id",
            "id": "vapewatch-reports-dev",
            "import_table": [],
            "local_secondary_index": [],
            "name": "vapewatch-reports-dev",
            "on_demand_throughput": [],
            "point_in_time_recovery": [
              {
                "enabled": false,
                "recovery_period_in_days": 0
              }
            ],
            "range_key": "submitted_at",
            "read_capacity": 0,
            "replica": [],
            "restore_date_time": null,
            "restore_source_name": null,
            "restore_source_table_arn": null,
            "restore_to_latest_time": null,
            "server_side_encryption": [],
            "stream_arn": "arn:aws:dynamodb:ap-southeast-1:156999051350:table/vapewatch-reports-dev/stream/2025-10-18T06:57:24.668",
            "stream_enabled": true,
            "stream_label": "2025-10-18T06:57:24.668",
            "stream_view_type": "NEW_IMAGE",
            "table_class": "STANDARD",
            "tags": null,
            "tags_all": {},
            "timeouts": null,
            "ttl": [
              {
                "attribute_name": "",
                "enabled": false
              }
            ],
            "write_capacity": 0
          },
          "sensitive_attributes": [],
          "private": "eyJlMmJmYjczMC1lY2FhLTExZTYtOGY4OC0zNDM2M2JjN2M0YzAiOnsiY3JlYXRlIjoxODAwMDAwMDAwMDAwLCJkZWxldGUiOjYwMDAwMDAwMDAwMCwidXBkYXRlIjozNjAwMDAwMDAwMDAwfSwic2NoZW1hX3ZlcnNpb24iOiIxIn0="
        }
      ]
    },
    {
      "mode": "managed",
      "type": "aws_iam_policy",
      "name": "lambda_inline",
      "provider": "provider[\"registry.terraform.io/hashicorp/aws\"]",
      "instances": [
        {
          "schema_version": 0,
          "attributes": {
            "arn": "arn:aws:iam::156999051350:policy/vapewatch-lambda-inline-dev",
            "attachment_count": 0,
            "description": "",
            "id": "arn:aws:iam::156999051350:policy/vapewatch-lambda-inline-dev",
            "name": "vapewatch-lambda-inline-dev",
            "name_prefix": "",
            "path": "/",
            "policy": "{\"Statement\":[{\"Action\":[\"s3:PutObject\",\"s3:ListBucket\",\"s3:GetObject\"],\"Effect\":\"Allow\",\"Resource\":[\"arn:aws:s3:::vapewatch-raw-dev-9fe14d24/*\",\"arn:aws:s3:::vapewatch-raw-dev-9fe14d24\",\"arn:aws:s3:::vapewatch-evidence-dev-9fe14d24/*\",\"arn:aws:s3:::vapewatch-evidence-dev-9fe14d24\",\"arn:aws:s3:::vapewatch-audit-dev-9fe14d24/*\",\"arn:aws:s3:::vapewatch-audit-dev-9fe14d24\"],\"Sid\":\"S3Access\"},{\"Action\":[\"dynamodb:UpdateItem\",\"dynamodb:PutItem\",\"dynamodb:ListStreams\",\"dynamodb:GetShardIterator\",\"dynamodb:GetRecords\",\"dynamodb:GetItem\",\"dynamodb:DescribeStream\"],\"Effect\":\"Allow\",\"Resource\":[\"arn:aws:dynamodb:ap-southeast-1:156999051350:table/vapewatch-reports-dev/stream/2025-10-18T06:57:24.668\",\"arn:aws:dynamodb:ap-southeast-1:156999051350:table/vapewatch-reports-dev\"],\"Sid\":\"DynamoDBAccess\"},{\"Action\":\"sns:Publish\",\"Effect\":\"Allow\",\"Resource\":\"arn:aws:sns:ap-southeast-1:156999051350:vapewatch-officer-alerts-9fe14d24\",\"Sid\":\"SNSPublish\"},{\"Action\":\"states:StartExecution\",\"Effect\":\"Allow\",\"Resource\":\"*\",\"Sid\":\"StartStateMachine\"}],\"Version\":\"2012-10-17\"}",
            "policy_id": "ANPASJDO7NBLKOVXHZ5NL",
            "tags": null,
            "tags_all": {}
          },
          "sensitive_attributes": [],
          "private": "bnVsbA==",
          "dependencies": [
            "aws_dynamodb_table.reports",
            "aws_s3_bucket.audit_log",
            "aws_s3_bucket.evidence",
            "aws_s3_bucket.raw",
            "aws_sns_topic.officer_alerts",
            "data.aws_iam_policy_document.lambda_inline",
            "random_id.suffix"
          ]
        }
      ]
    },
    {
      "mode": "managed",
      "type": "aws_iam_policy",
      "name": "sfn_inline",
      "provider": "provider[\"registry.terraform.io/hashicorp/aws\"]",
      "instances": [
        {
          "schema_version": 0,
          "attributes": {
            "arn": "arn:aws:iam::156999051350:policy/vapewatch-sfn-inline-dev",
            "attachment_count": 0,
            "description": "",
            "id": "arn:aws:iam::156999051350:policy/vapewatch-sfn-inline-dev",
            "name": "vapewatch-sfn-inline-dev",
            "name_prefix": "",
            "path": "/",
            "policy": "{\"Statement\":[{\"Action\":\"lambda:InvokeFunction\",\"Effect\":\"Allow\",\"Resource\":\"*\"},{\"Action\":\"sns:Publish\",\"Effect\":\"Allow\",\"Resource\":\"arn:aws:sns:ap-southeast-1:156999051350:vapewatch-officer-alerts-9fe14d24\"}],\"Version\":\"2012-10-17\"}",
            "policy_id": "ANPASJDO7NBLE5RGJKN7C",
            "tags": null,
            "tags_all": {}
          },
          "sensitive_attributes": [],
          "private": "bnVsbA==",
          "dependencies": [
            "aws_sns_topic.officer_alerts",
            "data.aws_iam_policy_document.sfn_inline",
            "random_id.suffix"
          ]
        }
      ]
    },
    {
      "mode": "managed",
      "type": "aws_iam_role",
      "name": "lambda_exec",
      "provider": "provider[\"registry.terraform.io/hashicorp/aws\"]",
      "instances": [
        {
          "schema_version": 0,
          "attributes": {
            "arn": "arn:aws:iam::156999051350:role/vapewatch-lambda-exec-dev",
            "assume_role_policy": "{\"Statement\":[{\"Action\":\"sts:AssumeRole\",\"Effect\":\"Allow\",\"Principal\":{\"Service\":\"lambda.amazonaws.com\"}}],\"Version\":\"2012-10-17\"}",
            "create_date": "2025-10-18T06:57:22Z",
            "description": "",
            "force_detach_policies": false,
            "id": "vapewatch-lambda-exec-dev",
            "inline_policy": [],
            "managed_policy_arns": [],
            "max_session_duration": 3600,
            "name": "vapewatch-lambda-exec-dev",
            "name_prefix": "",
            "path": "/",
            "permissions_boundary": "",
            "tags": null,
            "tags_all": {},
            "unique_id": "AROASJDO7NBLJDONTXNEA"
          },
          "sensitive_attributes": [],
          "private": "bnVsbA==",
          "dependencies": [
            "data.aws_iam_policy_document.lambda_assume"
          ]
        }
      ]
    },
    {
      "mode": "managed",
      "type": "aws_iam_role",
      "name": "sfn_exec",
      "provider": "provider[\"registry.terraform.io/hashicorp/aws\"]",
      "instances": [
        {
          "schema_version": 0,
          "attributes": {
            "arn": "arn:aws:iam::156999051350:role/vapewatch-sfn-exec-dev",
            "assume_role_policy": "{\"Statement\":[{\"Action\":\"sts:AssumeRole\",\"Effect\":\"Allow\",\"Principal\":{\"Service\":\"states.amazonaws.com\"}}],\"Version\":\"2012-10-17\"}",
            "create_date": "2025-10-18T06:57:22Z",
            "description": "",
            "force_detach_policies": false,
            "id": "vapewatch-sfn-exec-dev",
            "inline_policy": [],
            "managed_policy_arns": [],
            "max_session_duration": 3600,
            "name": "vapewatch-sfn-exec-dev",
            "name_prefix": "",
            "path": "/",
            "permissions_boundary": "",
            "tags": null,
            "tags_all": {},
            "unique_id": "AROASJDO7NBLDWMYFHBUV"
          },
          "sensitive_attributes": [],
          "private": "bnVsbA==",
          "dependencies": [
            "data.aws_iam_policy_document.sfn_assume"
          ]
        }
      ]
    },
    {
      "mode": "managed",
      "type": "aws_iam_role_policy_attachment",
      "name": "lambda_basic",
      "provider": "provider[\"registry.terraform.io/hashicorp/aws\"]",
      "instances": [
        {
          "schema_version": 0,
          "attributes": {
            "id": "vapewatch-lambda-exec-dev-20251018065724099300000002",
            "policy_arn": "arn:aws:iam::aws:policy/service-role/AWSLambdaBasicExecutionRole",
            "role": "vapewatch-lambda-exec-dev"
          },
          "sensitive_attributes": [],
          "private": "bnVsbA==",
          "dependencies": [
            "aws_iam_role.lambda_exec",
            "data.aws_iam_policy_document.lambda_assume"
          ]
        }
      ]
    },
    {
      "mode": "managed",
      "type": "aws_iam_role_policy_attachment",
      "name": "lambda_inline_attach",
      "provider": "provider[\"registry.terraform.io/hashicorp/aws\"]",
      "instances": [
        {
          "schema_version": 0,
          "attributes": {
            "id": "vapewatch-lambda-exec-dev-20251018065732432100000003",
            "policy_arn": "arn:aws:iam::156999051350:policy/vapewatch-lambda-inline-dev",
            "role": "vapewatch-lambda-exec-dev"
          },
          "sensitive_attributes": [],
          "private": "bnVsbA==",
          "dependencies": [
            "aws_dynamodb_table.reports",
            "aws_iam_policy.lambda_inline",
            "aws_iam_role.lambda_exec",
            "aws_s3_bucket.audit_log",
            "aws_s3_bucket.evidence",
            "aws_s3_bucket.raw",
            "aws_sns_topic.officer_alerts",
            "data.aws_iam_policy_document.lambda_assume",
            "data.aws_iam_policy_document.lambda_inline",
            "random_id.suffix"
          ]
        }
      ]
    },
    {
      "mode": "managed",
      "type": "aws_iam_role_policy_attachment",
      "name": "sfn_inline_attach",
      "provider": "provider[\"registry.terraform.io/hashicorp/aws\"]",
      "instances": [
        {
          "schema_version": 0,
          "attributes": {
            "id": "vapewatch-sfn-exec-dev-20251018065723809500000001",
            "policy_arn": "arn:aws:iam::156999051350:policy/vapewatch-sfn-inline-dev",
            "role": "vapewatch-sfn-exec-dev"
          },
          "sensitive_attributes": [],
          "private": "bnVsbA==",
          "dependencies": [
            "aws_iam_policy.sfn_inline",
            "aws_iam_role.sfn_exec",
            "aws_sns_topic.officer_alerts",
            "data.aws_iam_policy_document.sfn_assume",
            "data.aws_iam_policy_document.sfn_inline",
            "random_id.suffix"
          ]
        }
      ]
    },
    {
      "mode": "managed",
      "type": "aws_lambda_event_source_mapping",
      "name": "reports_stream",
      "provider": "provider[\"registry.terraform.io/hashicorp/aws\"]",
      "instances": [
        {
          "schema_version": 0,
          "attributes": {
            "amazon_managed_kafka_event_source_config": [],
            "arn": "arn:aws:lambda:ap-southeast-1:156999051350:event-source-mapping:eea94c90-e423-4285-8830-bd4df7757caf",
            "batch_size": 100,
            "bisect_batch_on_function_error": false,
            "destination_config": [
              {
                "on_failure": [
                  {
                    "destination_arn": null
                  }
                ]
              }
            ],
            "document_db_event_source_config": [],
            "enabled": true,
            "event_source_arn": "arn:aws:dynamodb:ap-southeast-1:156999051350:table/vapewatch-reports-dev/stream/2025-10-18T06:57:24.668",
            "filter_criteria": [],
            "function_arn": "arn:aws:lambda:ap-southeast-1:156999051350:function:vapewatch-audit-sink-dev",
            "function_name": "arn:aws:lambda:ap-southeast-1:156999051350:function:vapewatch-audit-sink-dev",
            "function_response_types": null,
            "id": "eea94c90-e423-4285-8830-bd4df7757caf",
            "kms_key_arn": "",
            "last_modified": "2025-10-18T06:57:00Z",
            "last_processing_result": "No records processed",
            "maximum_batching_window_in_seconds": 0,
            "maximum_record_age_in_seconds": -1,
            "maximum_retry_attempts": -1,
            "metrics_config": [],
            "parallelization_factor": 1,
            "provisioned_poller_config": [],
            "queues": null,
            "scaling_config": [],
            "self_managed_event_source": [],
            "self_managed_kafka_event_source_config": [],
            "source_access_configuration": [],
            "starting_position": "LATEST",
            "starting_position_timestamp": "",
            "state": "Enabled",
            "state_transition_reason": "User action",
            "tags": null,
            "tags_all": {},
            "topics": null,
            "tumbling_window_in_seconds": 0,
            "uuid": "eea94c90-e423-4285-8830-bd4df7757caf"
          },
          "sensitive_attributes": [],
          "private": "bnVsbA==",
          "dependencies": [
            "aws_dynamodb_table.reports",
            "aws_iam_role.lambda_exec",
            "aws_lambda_function.audit_sink",
            "aws_s3_bucket.audit_log",
            "data.archive_file.audit_zip",
            "data.aws_iam_policy_document.lambda_assume",
            "random_id.suffix"
          ]
        }
      ]
    },
    {
      "mode": "managed",
      "type": "aws_lambda_function",
      "name": "audit_sink",
      "provider": "provider[\"registry.terraform.io/hashicorp/aws\"]",
      "instances": [
        {
          "schema_version": 0,
          "attributes": {
            "architectures": [
              "x86_64"
            ],
            "arn": "arn:aws:lambda:ap-southeast-1:156999051350:function:vapewatch-audit-sink-dev",
            "code_sha256": "3zYW94EsYvc5og54GYEXJY3TElRbXbPCQfxMILzLYFY=",
            "code_signing_config_arn": "",
            "dead_letter_config": [],
            "description": "",
            "environment": [
              {
                "variables": {
                  "AUDIT_BUCKET": "vapewatch-audit-dev-9fe14d24"
                }
              }
            ],
            "ephemeral_storage": [
              {
                "size": 512
              }
            ],
            "file_system_config": [],
            "filename": "./artifacts/audit_sink.zip",
            "function_name": "vapewatch-audit-sink-dev",
            "handler": "main.lambda_handler",
            "id": "vapewatch-audit-sink-dev",
            "image_config": [],
            "image_uri": "",
            "invoke_arn": "arn:aws:apigateway:ap-southeast-1:lambda:path/2015-03-31/functions/arn:aws:lambda:ap-southeast-1:156999051350:function:vapewatch-audit-sink-dev/invocations",
            "kms_key_arn": "",
            "last_modified": "2025-10-18T06:57:45.516+0000",
            "layers": null,
            "logging_config": [
              {
                "application_log_level": "",
                "log_format": "Text",
                "log_group": "/aws/lambda/vapewatch-audit-sink-dev",
                "system_log_level": ""
              }
            ],
            "memory_size": 128,
            "package_type": "Zip",
            "publish": false,
            "qualified_arn": "arn:aws:lambda:ap-southeast-1:156999051350:function:vapewatch-audit-sink-dev:$LATEST",
            "qualified_invoke_arn": "arn:aws:apigateway:ap-southeast-1:lambda:path/2015-03-31/functions/arn:aws:lambda:ap-southeast-1:156999051350:function:vapewatch-audit-sink-dev:$LATEST/invocations",
            "replace_security_groups_on_destroy": null,
            "replacement_security_group_ids": null,
            "reserved_concurrent_executions": -1,
            "role": "arn:aws:iam::156999051350:role/vapewatch-lambda-exec-dev",
            "runtime": "python3.11",
            "s3_bucket": null,
            "s3_key": null,
            "s3_object_version": null,
            "signing_job_arn": "",
            "signing_profile_version_arn": "",
            "skip_destroy": false,
            "snap_start": [],
            "source_code_hash": "",
            "source_code_size": 486,
            "tags": null,
            "tags_all": {},
            "timeout": 3,
            "timeouts": null,
            "tracing_config": [
              {
                "mode": "PassThrough"
              }
            ],
            "version": "$LATEST",
            "vpc_config": []
          },
          "sensitive_attributes": [],
          "private": "eyJlMmJmYjczMC1lY2FhLTExZTYtOGY4OC0zNDM2M2JjN2M0YzAiOnsiY3JlYXRlIjo2MDAwMDAwMDAwMDAsImRlbGV0ZSI6NjAwMDAwMDAwMDAwLCJ1cGRhdGUiOjYwMDAwMDAwMDAwMH19",
          "dependencies": [
            "aws_iam_role.lambda_exec",
            "aws_s3_bucket.audit_log",
            "data.archive_file.audit_zip",
            "data.aws_iam_policy_document.lambda_assume",
            "random_id.suffix"
          ]
        }
      ]
    },
    {
      "mode": "managed",
      "type": "aws_lambda_function",
      "name": "enrichment",
      "provider": "provider[\"registry.terraform.io/hashicorp/aws\"]",
      "instances": [
        {
          "schema_version": 0,
          "attributes": {
            "architectures": [
              "x86_64"
            ],
            "arn": "arn:aws:lambda:ap-southeast-1:156999051350:function:vapewatch-enrichment-dev",
            "code_sha256": "bbJIe6tuktUn9JSUeRhN6UHEG6+RKSHBObBZIp/qGjk=",
            "code_signing_config_arn": "",
            "dead_letter_config": [],
            "description": "",
            "environment": [],
            "ephemeral_storage": [
              {
                "size": 512
              }
            ],
            "file_system_config": [],
            "filename": "./artifacts/enrichment.zip",
            "function_name": "vapewatch-enrichment-dev",
            "handler": "main.lambda_handler",
            "id": "vapewatch-enrichment-dev",
            "image_config": [],
            "image_uri": "",
            "invoke_arn": "arn:aws:apigateway:ap-southeast-1:lambda:path/2015-03-31/functions/arn:aws:lambda:ap-southeast-1:156999051350:function:vapewatch-enrichment-dev/invocations",
            "kms_key_arn": "",
            "last_modified": "2025-10-18T06:57:51.177+0000",
            "layers": null,
            "logging_config": [
              {
                "application_log_level": "",
                "log_format": "Text",
                "log_group": "/aws/lambda/vapewatch-enrichment-dev",
                "system_log_level": ""
              }
            ],
            "memory_size": 128,
            "package_type": "Zip",
            "publish": false,
            "qualified_arn": "arn:aws:lambda:ap-southeast-1:156999051350:function:vapewatch-enrichment-dev:$LATEST",
            "qualified_invoke_arn": "arn:aws:apigateway:ap-southeast-1:lambda:path/2015-03-31/functions/arn:aws:lambda:ap-southeast-1:156999051350:function:vapewatch-enrichment-dev:$LATEST/invocations",
            "replace_security_groups_on_destroy": null,
            "replacement_security_group_ids": null,
            "reserved_concurrent_executions": -1,
            "role": "arn:aws:iam::156999051350:role/vapewatch-lambda-exec-dev",
            "runtime": "python3.11",
            "s3_bucket": null,
            "s3_key": null,
            "s3_object_version": null,
            "signing_job_arn": "",
            "signing_profile_version_arn": "",
            "skip_destroy": false,
            "snap_start": [],
            "source_code_hash": "",
            "source_code_size": 180,
            "tags": null,
            "tags_all": {},
            "timeout": 3,
            "timeouts": null,
            "tracing_config": [
              {
                "mode": "PassThrough"
              }
            ],
            "version": "$LATEST",
            "vpc_config": []
          },
          "sensitive_attributes": [],
          "private": "eyJlMmJmYjczMC1lY2FhLTExZTYtOGY4OC0zNDM2M2JjN2M0YzAiOnsiY3JlYXRlIjo2MDAwMDAwMDAwMDAsImRlbGV0ZSI6NjAwMDAwMDAwMDAwLCJ1cGRhdGUiOjYwMDAwMDAwMDAwMH19",
          "dependencies": [
            "aws_iam_role.lambda_exec",
            "data.archive_file.enrichment_zip",
            "data.aws_iam_policy_document.lambda_assume"
          ]
        }
      ]
    },
    {
      "mode": "managed",
      "type": "aws_lambda_function",
      "name": "inference",
      "provider": "provider[\"registry.terraform.io/hashicorp/aws\"]",
      "instances": [
        {
          "schema_version": 0,
          "attributes": {
            "architectures": [
              "x86_64"
            ],
            "arn": "arn:aws:lambda:ap-southeast-1:156999051350:function:vapewatch-inference-dev",
            "code_sha256": "bbJIe6tuktUn9JSUeRhN6UHEG6+RKSHBObBZIp/qGjk=",
            "code_signing_config_arn": "",
            "dead_letter_config": [],
            "description": "",
            "environment": [],
            "ephemeral_storage": [
              {
                "size": 512
              }
            ],
            "file_system_config": [],
            "filename": "./artifacts/inference.zip",
            "function_name": "vapewatch-inference-dev",
            "handler": "main.lambda_handler",
            "id": "vapewatch-inference-dev",
            "image_config": [],
            "image_uri": "",
            "invoke_arn": "arn:aws:apigateway:ap-southeast-1:lambda:path/2015-03-31/functions/arn:aws:lambda:ap-southeast-1:156999051350:function:vapewatch-inference-dev/invocations",
            "kms_key_arn": "",
            "last_modified": "2025-10-18T06:57:39.960+0000",
            "layers": null,
            "logging_config": [
              {
                "application_log_level": "",
                "log_format": "Text",
                "log_group": "/aws/lambda/vapewatch-inference-dev",
                "system_log_level": ""
              }
            ],
            "memory_size": 128,
            "package_type": "Zip",
            "publish": false,
            "qualified_arn": "arn:aws:lambda:ap-southeast-1:156999051350:function:vapewatch-inference-dev:$LATEST",
            "qualified_invoke_arn": "arn:aws:apigateway:ap-southeast-1:lambda:path/2015-03-31/functions/arn:aws:lambda:ap-southeast-1:156999051350:function:vapewatch-inference-dev:$LATEST/invocations",
            "replace_security_groups_on_destroy": null,
            "replacement_security_group_ids": null,
            "reserved_concurrent_executions": -1,
            "role": "arn:aws:iam::156999051350:role/vapewatch-lambda-exec-dev",
            "runtime": "python3.11",
            "s3_bucket": null,
            "s3_key": null,
            "s3_object_version": null,
            "signing_job_arn": "",
            "signing_profile_version_arn": "",
            "skip_destroy": false,
            "snap_start": [],
            "source_code_hash": "",
            "source_code_size": 180,
            "tags": null,
            "tags_all": {},
            "timeout": 3,
            "timeouts": null,
            "tracing_config": [
              {
                "mode": "PassThrough"
              }
            ],
            "version": "$LATEST",
            "vpc_config": []
          },
          "sensitive_attributes": [],
          "private": "eyJlMmJmYjczMC1lY2FhLTExZTYtOGY4OC0zNDM2M2JjN2M0YzAiOnsiY3JlYXRlIjo2MDAwMDAwMDAwMDAsImRlbGV0ZSI6NjAwMDAwMDAwMDAwLCJ1cGRhdGUiOjYwMDAwMDAwMDAwMH19",
          "dependencies": [
            "aws_iam_role.lambda_exec",
            "data.archive_file.inference_zip",
            "data.aws_iam_policy_document.lambda_assume"
          ]
        }
      ]
    },
    {
      "mode": "managed",
      "type": "aws_lambda_function",
      "name": "ingest",
      "provider": "provider[\"registry.terraform.io/hashicorp/aws\"]",
      "instances": [
        {
          "schema_version": 0,
          "attributes": {
            "architectures": [
              "x86_64"
            ],
            "arn": "arn:aws:lambda:ap-southeast-1:156999051350:function:vapewatch-ingest-dev",
            "code_sha256": "/6O6BZ4Vr52R+QPmwa/HuOJ12TUOFkZ6rOMLTWMUOjQ=",
            "code_signing_config_arn": "",
            "dead_letter_config": [],
            "description": "",
            "environment": [
              {
                "variables": {
                  "STATE_MACHINE_ARN": "arn:aws:states:ap-southeast-1:156999051350:stateMachine:vapewatch-pipeline-dev"
                }
              }
            ],
            "ephemeral_storage": [
              {
                "size": 512
              }
            ],
            "file_system_config": [],
            "filename": "./artifacts/ingest.zip",
            "function_name": "vapewatch-ingest-dev",
            "handler": "main.lambda_handler",
            "id": "vapewatch-ingest-dev",
            "image_config": [],
            "image_uri": "",
            "invoke_arn": "arn:aws:apigateway:ap-southeast-1:lambda:path/2015-03-31/functions/arn:aws:lambda:ap-southeast-1:156999051350:function:vapewatch-ingest-dev/invocations",
            "kms_key_arn": "",
            "last_modified": "2025-10-18T06:58:08.790+0000",
            "layers": null,
            "logging_config": [
              {
                "application_log_level": "",
                "log_format": "Text",
                "log_group": "/aws/lambda/vapewatch-ingest-dev",
                "system_log_level": ""
              }
            ],
            "memory_size": 128,
            "package_type": "Zip",
            "publish": false,
            "qualified_arn": "arn:aws:lambda:ap-southeast-1:156999051350:function:vapewatch-ingest-dev:$LATEST",
            "qualified_invoke_arn": "arn:aws:apigateway:ap-southeast-1:lambda:path/2015-03-31/functions/arn:aws:lambda:ap-southeast-1:156999051350:function:vapewatch-ingest-dev:$LATEST/invocations",
            "replace_security_groups_on_destroy": null,
            "replacement_security_group_ids": null,
            "reserved_concurrent_executions": -1,
            "role": "arn:aws:iam::156999051350:role/vapewatch-lambda-exec-dev",
            "runtime": "python3.11",
            "s3_bucket": null,
            "s3_key": null,
            "s3_object_version": null,
            "signing_job_arn": "",
            "signing_profile_version_arn": "",
            "skip_destroy": false,
            "snap_start": [],
            "source_code_hash": "",
            "source_code_size": 441,
            "tags": null,
            "tags_all": {},
            "timeout": 3,
            "timeouts": null,
            "tracing_config": [
              {
                "mode": "PassThrough"
              }
            ],
            "version": "$LATEST",
            "vpc_config": []
          },
          "sensitive_attributes": [],
          "private": "eyJlMmJmYjczMC1lY2FhLTExZTYtOGY4OC0zNDM2M2JjN2M0YzAiOnsiY3JlYXRlIjo2MDAwMDAwMDAwMDAsImRlbGV0ZSI6NjAwMDAwMDAwMDAwLCJ1cGRhdGUiOjYwMDAwMDAwMDAwMH19",
          "dependencies": [
            "aws_dynamodb_table.reports",
            "aws_iam_role.lambda_exec",
            "aws_iam_role.sfn_exec",
            "aws_lambda_function.enrichment",
            "aws_lambda_function.inference",
            "aws_lambda_function.persist",
            "aws_lambda_function.redaction",
            "aws_s3_bucket.evidence",
            "aws_s3_bucket.raw",
            "aws_sfn_state_machine.pipeline",
            "aws_sns_topic.officer_alerts",
            "data.archive_file.enrichment_zip",
            "data.archive_file.inference_zip",
            "data.archive_file.ingest_zip",
            "data.archive_file.persist_zip",
            "data.archive_file.redaction_zip",
            "data.aws_iam_policy_document.lambda_assume",
            "data.aws_iam_policy_document.sfn_assume",
            "random_id.suffix"
          ]
        }
      ]
    },
    {
      "mode": "managed",
      "type": "aws_lambda_function",
      "name": "persist",
      "provider": "provider[\"registry.terraform.io/hashicorp/aws\"]",
      "instances": [
        {
          "schema_version": 0,
          "attributes": {
            "architectures": [
              "x86_64"
            ],
            "arn": "arn:aws:lambda:ap-southeast-1:156999051350:function:vapewatch-persist-dev",
            "code_sha256": "bbJIe6tuktUn9JSUeRhN6UHEG6+RKSHBObBZIp/qGjk=",
            "code_signing_config_arn": "",
            "dead_letter_config": [],
            "description": "",
            "environment": [
              {
                "variables": {
                  "ALERTS_TOPIC": "arn:aws:sns:ap-southeast-1:156999051350:vapewatch-officer-alerts-9fe14d24",
                  "REPORTS_TABLE": "vapewatch-reports-dev"
                }
              }
            ],
            "ephemeral_storage": [
              {
                "size": 512
              }
            ],
            "file_system_config": [],
            "filename": "./artifacts/persist.zip",
            "function_name": "vapewatch-persist-dev",
            "handler": "main.lambda_handler",
            "id": "vapewatch-persist-dev",
            "image_config": [],
            "image_uri": "",
            "invoke_arn": "arn:aws:apigateway:ap-southeast-1:lambda:path/2015-03-31/functions/arn:aws:lambda:ap-southeast-1:156999051350:function:vapewatch-persist-dev/invocations",
            "kms_key_arn": "",
            "last_modified": "2025-10-18T06:58:02.433+0000",
            "layers": null,
            "logging_config": [
              {
                "application_log_level": "",
                "log_format": "Text",
                "log_group": "/aws/lambda/vapewatch-persist-dev",
                "system_log_level": ""
              }
            ],
            "memory_size": 128,
            "package_type": "Zip",
            "publish": false,
            "qualified_arn": "arn:aws:lambda:ap-southeast-1:156999051350:function:vapewatch-persist-dev:$LATEST",
            "qualified_invoke_arn": "arn:aws:apigateway:ap-southeast-1:lambda:path/2015-03-31/functions/arn:aws:lambda:ap-southeast-1:156999051350:function:vapewatch-persist-dev:$LATEST/invocations",
            "replace_security_groups_on_destroy": null,
            "replacement_security_group_ids": null,
            "reserved_concurrent_executions": -1,
            "role": "arn:aws:iam::156999051350:role/vapewatch-lambda-exec-dev",
            "runtime": "python3.11",
            "s3_bucket": null,
            "s3_key": null,
            "s3_object_version": null,
            "signing_job_arn": "",
            "signing_profile_version_arn": "",
            "skip_destroy": false,
            "snap_start": [],
            "source_code_hash": "",
            "source_code_size": 180,
            "tags": null,
            "tags_all": {},
            "timeout": 3,
            "timeouts": null,
            "tracing_config": [
              {
                "mode": "PassThrough"
              }
            ],
            "version": "$LATEST",
            "vpc_config": []
          },
          "sensitive_attributes": [],
          "private": "eyJlMmJmYjczMC1lY2FhLTExZTYtOGY4OC0zNDM2M2JjN2M0YzAiOnsiY3JlYXRlIjo2MDAwMDAwMDAwMDAsImRlbGV0ZSI6NjAwMDAwMDAwMDAwLCJ1cGRhdGUiOjYwMDAwMDAwMDAwMH19",
          "dependencies": [
            "aws_dynamodb_table.reports",
            "aws_iam_role.lambda_exec",
            "aws_sns_topic.officer_alerts",
            "data.archive_file.persist_zip",
            "data.aws_iam_policy_document.lambda_assume",
            "random_id.suffix"
          ]
        }
      ]
    },
    {
      "mode": "managed",
      "type": "aws_lambda_function",
      "name": "redaction",
      "provider": "provider[\"registry.terraform.io/hashicorp/aws\"]",
      "instances": [
        {
          "schema_version": 0,
          "attributes": {
            "architectures": [
              "x86_64"
            ],
            "arn": "arn:aws:lambda:ap-southeast-1:156999051350:function:vapewatch-redaction-dev",
            "code_sha256": "bbJIe6tuktUn9JSUeRhN6UHEG6+RKSHBObBZIp/qGjk=",
            "code_signing_config_arn": "",
            "dead_letter_config": [],
            "description": "",
            "environment": [
              {
                "variables": {
                  "EVIDENCE_BUCKET": "vapewatch-evidence-dev-9fe14d24",
                  "RAW_BUCKET": "vapewatch-raw-dev-9fe14d24"
                }
              }
            ],
            "ephemeral_storage": [
              {
                "size": 512
              }
            ],
            "file_system_config": [],
            "filename": "./artifacts/redaction.zip",
            "function_name": "vapewatch-redaction-dev",
            "handler": "main.lambda_handler",
            "id": "vapewatch-redaction-dev",
            "image_config": [],
            "image_uri": "",
            "invoke_arn": "arn:aws:apigateway:ap-southeast-1:lambda:path/2015-03-31/functions/arn:aws:lambda:ap-southeast-1:156999051350:function:vapewatch-redaction-dev/invocations",
            "kms_key_arn": "",
            "last_modified": "2025-10-18T06:57:56.758+0000",
            "layers": null,
            "logging_config": [
              {
                "application_log_level": "",
                "log_format": "Text",
                "log_group": "/aws/lambda/vapewatch-redaction-dev",
                "system_log_level": ""
              }
            ],
            "memory_size": 128,
            "package_type": "Zip",
            "publish": false,
            "qualified_arn": "arn:aws:lambda:ap-southeast-1:156999051350:function:vapewatch-redaction-dev:$LATEST",
            "qualified_invoke_arn": "arn:aws:apigateway:ap-southeast-1:lambda:path/2015-03-31/functions/arn:aws:lambda:ap-southeast-1:156999051350:function:vapewatch-redaction-dev:$LATEST/invocations",
            "replace_security_groups_on_destroy": null,
            "replacement_security_group_ids": null,
            "reserved_concurrent_executions": -1,
            "role": "arn:aws:iam::156999051350:role/vapewatch-lambda-exec-dev",
            "runtime": "python3.11",
            "s3_bucket": null,
            "s3_key": null,
            "s3_object_version": null,
            "signing_job_arn": "",
            "signing_profile_version_arn": "",
            "skip_destroy": false,
            "snap_start": [],
            "source_code_hash": "",
            "source_code_size": 180,
            "tags": null,
            "tags_all": {},
            "timeout": 3,
            "timeouts": null,
            "tracing_config": [
              {
                "mode": "PassThrough"
              }
            ],
            "version": "$LATEST",
            "vpc_config": []
          },
          "sensitive_attributes": [],
          "private": "eyJlMmJmYjczMC1lY2FhLTExZTYtOGY4OC0zNDM2M2JjN2M0YzAiOnsiY3JlYXRlIjo2MDAwMDAwMDAwMDAsImRlbGV0ZSI6NjAwMDAwMDAwMDAwLCJ1cGRhdGUiOjYwMDAwMDAwMDAwMH19",
          "dependencies": [
            "aws_iam_role.lambda_exec",
            "aws_s3_bucket.evidence",
            "aws_s3_bucket.raw",
            "data.archive_file.redaction_zip",
            "data.aws_iam_policy_document.lambda_assume",
            "random_id.suffix"
          ]
        }
      ]
    },
    {
      "mode": "managed",
      "type": "aws_lambda_permission",
      "name": "api_invoke_ingest",
      "provider": "provider[\"registry.terraform.io/hashicorp/aws\"]",
      "instances": [
        {
          "schema_version": 0,
          "attributes": {
            "action": "lambda:InvokeFunction",
            "event_source_token": null,
            "function_name": "vapewatch-ingest-dev",
            "function_url_auth_type": null,
            "id": "AllowAPIGatewayInvoke",
            "principal": "apigateway.amazonaws.com",
            "principal_org_id": null,
            "qualifier": "",
            "source_account": null,
            "source_arn": "arn:aws:execute-api:ap-southeast-1:156999051350:pot72ae919/*/*",
            "statement_id": "AllowAPIGatewayInvoke",
            "statement_id_prefix": ""
          },
          "sensitive_attributes": [],
          "private": "bnVsbA==",
          "dependencies": [
            "aws_apigatewayv2_api.http",
            "aws_dynamodb_table.reports",
            "aws_iam_role.lambda_exec",
            "aws_iam_role.sfn_exec",
            "aws_lambda_function.enrichment",
            "aws_lambda_function.inference",
            "aws_lambda_function.ingest",
            "aws_lambda_function.persist",
            "aws_lambda_function.redaction",
            "aws_s3_bucket.evidence",
            "aws_s3_bucket.raw",
            "aws_sfn_state_machine.pipeline",
            "aws_sns_topic.officer_alerts",
            "data.archive_file.enrichment_zip",
            "data.archive_file.inference_zip",
            "data.archive_file.ingest_zip",
            "data.archive_file.persist_zip",
            "data.archive_file.redaction_zip",
            "data.aws_iam_policy_document.lambda_assume",
            "data.aws_iam_policy_document.sfn_assume",
            "random_id.suffix"
          ]
        }
      ]
    },
    {
      "mode": "managed",
      "type": "aws_s3_bucket",
      "name": "audit_log",
      "provider": "provider[\"registry.terraform.io/hashicorp/aws\"]",
      "instances": [
        {
          "schema_version": 0,
          "attributes": {
            "acceleration_status": "",
            "acl": null,
            "arn": "arn:aws:s3:::vapewatch-audit-dev-9fe14d24",
            "bucket": "vapewatch-audit-dev-9fe14d24",
            "bucket_domain_name": "vapewatch-audit-dev-9fe14d24.s3.amazonaws.com",
            "bucket_prefix": "",
            "bucket_regional_domain_name": "vapewatch-audit-dev-9fe14d24.s3.ap-southeast-1.amazonaws.com",
            "cors_rule": [],
            "force_destroy": false,
            "grant": [
              {
                "id": "c61e4dd98db7bdbfa5d2c8af6306f792afa6ef0e40232aefdd4fffcc9f4acb62",
                "permissions": [
                  "FULL_CONTROL"
                ],
                "type": "CanonicalUser",
                "uri": ""
              }
            ],
            "hosted_zone_id": "Z3O0J2DXBE1FTB",
            "id": "vapewatch-audit-dev-9fe14d24",
            "lifecycle_rule": [],
            "logging": [],
            "object_lock_configuration": [
              {
                "object_lock_enabled": "Enabled",
                "rule": []
              }
            ],
            "object_lock_enabled": true,
            "policy": "",
            "region": "ap-southeast-1",
            "replication_configuration": [],
            "request_payer": "BucketOwner",
            "server_side_encryption_configuration": [
              {
                "rule": [
                  {
                    "apply_server_side_encryption_by_default": [
                      {
                        "kms_master_key_id": "",
                        "sse_algorithm": "AES256"
                      }
                    ],
                    "bucket_key_enabled": false
                  }
                ]
              }
            ],
            "tags": null,
            "tags_all": {},
            "timeouts": null,
            "versioning": [
              {
                "enabled": true,
                "mfa_delete": false
              }
            ],
            "website": [],
            "website_domain": null,
            "website_endpoint": null
          },
          "sensitive_attributes": [],
          "private": "eyJlMmJmYjczMC1lY2FhLTExZTYtOGY4OC0zNDM2M2JjN2M0YzAiOnsiY3JlYXRlIjoxMjAwMDAwMDAwMDAwLCJkZWxldGUiOjM2MDAwMDAwMDAwMDAsInJlYWQiOjEyMDAwMDAwMDAwMDAsInVwZGF0ZSI6MTIwMDAwMDAwMDAwMH19",
          "dependencies": [
            "random_id.suffix"
          ]
        }
      ]
    },
    {
      "mode": "managed",
      "type": "aws_s3_bucket",
      "name": "evidence",
      "provider": "provider[\"registry.terraform.io/hashicorp/aws\"]",
      "instances": [
        {
          "schema_version": 0,
          "attributes": {
            "acceleration_status": "",
            "acl": null,
            "arn": "arn:aws:s3:::vapewatch-evidence-dev-9fe14d24",
            "bucket": "vapewatch-evidence-dev-9fe14d24",
            "bucket_domain_name": "vapewatch-evidence-dev-9fe14d24.s3.amazonaws.com",
            "bucket_prefix": "",
            "bucket_regional_domain_name": "vapewatch-evidence-dev-9fe14d24.s3.ap-southeast-1.amazonaws.com",
            "cors_rule": [],
            "force_destroy": false,
            "grant": [
              {
                "id": "c61e4dd98db7bdbfa5d2c8af6306f792afa6ef0e40232aefdd4fffcc9f4acb62",
                "permissions": [
                  "FULL_CONTROL"
                ],
                "type": "CanonicalUser",
                "uri": ""
              }
            ],
            "hosted_zone_id": "Z3O0J2DXBE1FTB",
            "id": "vapewatch-evidence-dev-9fe14d24",
            "lifecycle_rule": [],
            "logging": [],
            "object_lock_configuration": [],
            "object_lock_enabled": false,
            "policy": "",
            "region": "ap-southeast-1",
            "replication_configuration": [],
            "request_payer": "BucketOwner",
            "server_side_encryption_configuration": [
              {
                "rule": [
                  {
                    "apply_server_side_encryption_by_default": [
                      {
                        "kms_master_key_id": "",
                        "sse_algorithm": "AES256"
                      }
                    ],
                    "bucket_key_enabled": false
                  }
                ]
              }
            ],
            "tags": null,
            "tags_all": {},
            "timeouts": null,
            "versioning": [
              {
                "enabled": false,
                "mfa_delete": false
              }
            ],
            "website": [],
            "website_domain": null,
            "website_endpoint": null
          },
          "sensitive_attributes": [],
          "private": "eyJlMmJmYjczMC1lY2FhLTExZTYtOGY4OC0zNDM2M2JjN2M0YzAiOnsiY3JlYXRlIjoxMjAwMDAwMDAwMDAwLCJkZWxldGUiOjM2MDAwMDAwMDAwMDAsInJlYWQiOjEyMDAwMDAwMDAwMDAsInVwZGF0ZSI6MTIwMDAwMDAwMDAwMH19",
          "dependencies": [
            "random_id.suffix"
          ]
        }
      ]
    },
    {
      "mode": "managed",
      "type": "aws_s3_bucket",
      "name": "raw",
      "provider": "provider[\"registry.terraform.io/hashicorp/aws\"]",
      "instances": [
        {
          "schema_version": 0,
          "attributes": {
            "acceleration_status": "",
            "acl": null,
            "arn": "arn:aws:s3:::vapewatch-raw-dev-9fe14d24",
            "bucket": "vapewatch-raw-dev-9fe14d24",
            "bucket_domain_name": "vapewatch-raw-dev-9fe14d24.s3.amazonaws.com",
            "bucket_prefix": "",
            "bucket_regional_domain_name": "vapewatch-raw-dev-9fe14d24.s3.ap-southeast-1.amazonaws.com",
            "cors_rule": [],
            "force_destroy": false,
            "grant": [
              {
                "id": "c61e4dd98db7bdbfa5d2c8af6306f792afa6ef0e40232aefdd4fffcc9f4acb62",
                "permissions": [
                  "FULL_CONTROL"
                ],
                "type": "CanonicalUser",
                "uri": ""
              }
            ],
            "hosted_zone_id": "Z3O0J2DXBE1FTB",
            "id": "vapewatch-raw-dev-9fe14d24",
            "lifecycle_rule": [],
            "logging": [],
            "object_lock_configuration": [],
            "object_lock_enabled": false,
            "policy": "",
            "region": "ap-southeast-1",
            "replication_configuration": [],
            "request_payer": "BucketOwner",
            "server_side_encryption_configuration": [
              {
                "rule": [
                  {
                    "apply_server_side_encryption_by_default": [
                      {
                        "kms_master_key_id": "",
                        "sse_algorithm": "AES256"
                      }
                    ],
                    "bucket_key_enabled": false
                  }
                ]
              }
            ],
            "tags": null,
            "tags_all": {},
            "timeouts": null,
            "versioning": [
              {
                "enabled": false,
                "mfa_delete": false
              }
            ],
            "website": [],
            "website_domain": null,
            "website_endpoint": null
          },
          "sensitive_attributes": [],
          "private": "eyJlMmJmYjczMC1lY2FhLTExZTYtOGY4OC0zNDM2M2JjN2M0YzAiOnsiY3JlYXRlIjoxMjAwMDAwMDAwMDAwLCJkZWxldGUiOjM2MDAwMDAwMDAwMDAsInJlYWQiOjEyMDAwMDAwMDAwMDAsInVwZGF0ZSI6MTIwMDAwMDAwMDAwMH19",
          "dependencies": [
            "random_id.suffix"
          ]
        }
      ]
    },
    {
      "mode": "managed",
      "type": "aws_s3_bucket_object_lock_configuration",
      "name": "audit_lock",
      "provider": "provider[\"registry.terraform.io/hashicorp/aws\"]",
      "instances": [
        {
          "schema_version": 0,
          "attributes": {
            "bucket": "vapewatch-audit-dev-9fe14d24",
            "expected_bucket_owner": "",
            "id": "vapewatch-audit-dev-9fe14d24",
            "object_lock_enabled": "Enabled",
            "rule": [
              {
                "default_retention": [
                  {
                    "days": 90,
                    "mode": "COMPLIANCE",
                    "years": 0
                  }
                ]
              }
            ],
            "token": null
          },
          "sensitive_attributes": [
            [
              {
                "type": "get_attr",
                "value": "token"
              }
            ]
          ],
          "private": "bnVsbA==",
          "dependencies": [
            "aws_s3_bucket.audit_log",
            "random_id.suffix"
          ]
        }
      ]
    },
    {
      "mode": "managed",
      "type": "aws_s3_bucket_public_access_block",
      "name": "audit_pab",
      "provider": "provider[\"registry.terraform.io/hashicorp/aws\"]",
      "instances": [
        {
          "schema_version": 0,
          "attributes": {
            "block_public_acls": true,
            "block_public_policy": true,
            "bucket": "vapewatch-audit-dev-9fe14d24",
            "id": "vapewatch-audit-dev-9fe14d24",
            "ignore_public_acls": true,
            "restrict_public_buckets": true
          },
          "sensitive_attributes": [],
          "private": "bnVsbA==",
          "dependencies": [
            "aws_s3_bucket.audit_log",
            "random_id.suffix"
          ]
        }
      ]
    },
    {
      "mode": "managed",
      "type": "aws_s3_bucket_public_access_block",
      "name": "evidence_pab",
      "provider": "provider[\"registry.terraform.io/hashicorp/aws\"]",
      "instances": [
        {
          "schema_version": 0,
          "attributes": {
            "block_public_acls": true,
            "block_public_policy": true,
            "bucket": "vapewatch-evidence-dev-9fe14d24",
            "id": "vapewatch-evidence-dev-9fe14d24",
            "ignore_public_acls": true,
            "restrict_public_buckets": true
          },
          "sensitive_attributes": [],
          "private": "bnVsbA==",
          "dependencies": [
            "aws_s3_bucket.evidence",
            "random_id.suffix"
          ]
        }
      ]
    },
    {
      "mode": "managed",
      "type": "aws_s3_bucket_public_access_block",
      "name": "raw_pab",
      "provider": "provider[\"registry.terraform.io/hashicorp/aws\"]",
      "instances": [
        {
          "schema_version": 0,
          "attributes": {
            "block_public_acls": true,
            "block_public_policy": true,
            "bucket": "vapewatch-raw-dev-9fe14d24",
            "id": "vapewatch-raw-dev-9fe14d24",
            "ignore_public_acls": true,
            "restrict_public_buckets": true
          },
          "sensitive_attributes": [],
          "private": "bnVsbA==",
          "dependencies": [
            "aws_s3_bucket.raw",
            "random_id.suffix"
          ]
        }
      ]
    },
    {
      "mode": "managed",
      "type": "aws_s3_bucket_versioning",
      "name": "audit_v",
      "provider": "provider[\"registry.terraform.io/hashicorp/aws\"]",
      "instances": [
        {
          "schema_version": 0,
          "attributes": {
            "bucket": "vapewatch-audit-dev-9fe14d24",
            "expected_bucket_owner": "",
            "id": "vapewatch-audit-dev-9fe14d24",
            "mfa": null,
            "versioning_configuration": [
              {
                "mfa_delete": "Disabled",
                "status": "Enabled"
              }
            ]
          },
          "sensitive_attributes": [],
          "private": "bnVsbA==",
          "dependencies": [
            "aws_s3_bucket.audit_log",
            "random_id.suffix"
          ]
        }
      ]
    },
    {
      "mode": "managed",
      "type": "aws_s3_bucket_versioning",
      "name": "evidence_v",
      "provider": "provider[\"registry.terraform.io/hashicorp/aws\"]",
      "instances": [
        {
          "schema_version": 0,
          "attributes": {
            "bucket": "vapewatch-evidence-dev-9fe14d24",
            "expected_bucket_owner": "",
            "id": "vapewatch-evidence-dev-9fe14d24",
            "mfa": null,
            "versioning_configuration": [
              {
                "mfa_delete": "",
                "status": "Enabled"
              }
            ]
          },
          "sensitive_attributes": [],
          "private": "bnVsbA==",
          "dependencies": [
            "aws_s3_bucket.evidence",
            "random_id.suffix"
          ]
        }
      ]
    },
    {
      "mode": "managed",
      "type": "aws_s3_bucket_versioning",
      "name": "raw_v",
      "provider": "provider[\"registry.terraform.io/hashicorp/aws\"]",
      "instances": [
        {
          "schema_version": 0,
          "attributes": {
            "bucket": "vapewatch-raw-dev-9fe14d24",
            "expected_bucket_owner": "",
            "id": "vapewatch-raw-dev-9fe14d24",
            "mfa": null,
            "versioning_configuration": [
              {
                "mfa_delete": "",
                "status": "Enabled"
              }
            ]
          },
          "sensitive_attributes": [],
          "private": "bnVsbA==",
          "dependencies": [
            "aws_s3_bucket.raw",
            "random_id.suffix"
          ]
        }
      ]
    },
    {
      "mode": "managed",
      "type": "aws_sfn_state_machine",
      "name": "pipeline",
      "provider": "provider[\"registry.terraform.io/hashicorp/aws\"]",
      "instances": [
        {
          "schema_version": 0,
          "attributes": {
            "arn": "arn:aws:states:ap-southeast-1:156999051350:stateMachine:vapewatch-pipeline-dev",
            "creation_date": "2025-10-18T06:58:08Z",
            "definition": "{\"Comment\":\"VapeWatch pipeline\",\"StartAt\":\"Redaction\",\"States\":{\"Enrichment\":{\"Next\":\"Persist\",\"Resource\":\"arn:aws:lambda:ap-southeast-1:156999051350:function:vapewatch-enrichment-dev\",\"Type\":\"Task\"},\"Inference\":{\"Next\":\"Enrichment\",\"Resource\":\"arn:aws:lambda:ap-southeast-1:156999051350:function:vapewatch-inference-dev\",\"Type\":\"Task\"},\"Persist\":{\"End\":true,\"Resource\":\"arn:aws:lambda:ap-southeast-1:156999051350:function:vapewatch-persist-dev\",\"Type\":\"Task\"},\"Redaction\":{\"Next\":\"Inference\",\"Resource\":\"arn:aws:lambda:ap-southeast-1:156999051350:function:vapewatch-redaction-dev\",\"Type\":\"Task\"}}}",
            "description": "",
            "encryption_configuration": [
              {
                "kms_data_key_reuse_period_seconds": 0,
                "kms_key_id": "",
                "type": "AWS_OWNED_KEY"
              }
            ],
            "id": "arn:aws:states:ap-southeast-1:156999051350:stateMachine:vapewatch-pipeline-dev",
            "logging_configuration": [
              {
                "include_execution_data": false,
                "level": "OFF",
                "log_destination": ""
              }
            ],
            "name": "vapewatch-pipeline-dev",
            "name_prefix": "",
            "publish": false,
            "revision_id": "",
            "role_arn": "arn:aws:iam::156999051350:role/vapewatch-sfn-exec-dev",
            "state_machine_version_arn": "",
            "status": "ACTIVE",
            "tags": null,
            "tags_all": {},
            "timeouts": null,
            "tracing_configuration": [
              {
                "enabled": false
              }
            ],
            "type": "STANDARD",
            "version_description": null
          },
          "sensitive_attributes": [],
          "private": "eyJlMmJmYjczMC1lY2FhLTExZTYtOGY4OC0zNDM2M2JjN2M0YzAiOnsiY3JlYXRlIjozMDAwMDAwMDAwMDAsImRlbGV0ZSI6MzAwMDAwMDAwMDAwLCJ1cGRhdGUiOjYwMDAwMDAwMDAwfX0=",
          "dependencies": [
            "aws_dynamodb_table.reports",
            "aws_iam_role.lambda_exec",
            "aws_iam_role.sfn_exec",
            "aws_lambda_function.enrichment",
            "aws_lambda_function.inference",
            "aws_lambda_function.persist",
            "aws_lambda_function.redaction",
            "aws_s3_bucket.evidence",
            "aws_s3_bucket.raw",
            "aws_sns_topic.officer_alerts",
            "data.archive_file.enrichment_zip",
            "data.archive_file.inference_zip",
            "data.archive_file.persist_zip",
            "data.archive_file.redaction_zip",
            "data.aws_iam_policy_document.lambda_assume",
            "data.aws_iam_policy_document.sfn_assume",
            "random_id.suffix"
          ]
        }
      ]
    },
    {
      "mode": "managed",
      "type": "aws_sns_topic",
      "name": "officer_alerts",
      "provider": "provider[\"registry.terraform.io/hashicorp/aws\"]",
      "instances": [
        {
          "schema_version": 0,
          "attributes": {
            "application_failure_feedback_role_arn": "",
            "application_success_feedback_role_arn": "",
            "application_success_feedback_sample_rate": 0,
            "archive_policy": "",
            "arn": "arn:aws:sns:ap-southeast-1:156999051350:vapewatch-officer-alerts-9fe14d24",
            "beginning_archive_time": "",
            "content_based_deduplication": false,
            "delivery_policy": "",
            "display_name": "",
            "fifo_throughput_scope": "",
            "fifo_topic": false,
            "firehose_failure_feedback_role_arn": "",
            "firehose_success_feedback_role_arn": "",
            "firehose_success_feedback_sample_rate": 0,
            "http_failure_feedback_role_arn": "",
            "http_success_feedback_role_arn": "",
            "http_success_feedback_sample_rate": 0,
            "id": "arn:aws:sns:ap-southeast-1:156999051350:vapewatch-officer-alerts-9fe14d24",
            "kms_master_key_id": "",
            "lambda_failure_feedback_role_arn": "",
            "lambda_success_feedback_role_arn": "",
            "lambda_success_feedback_sample_rate": 0,
            "name": "vapewatch-officer-alerts-9fe14d24",
            "name_prefix": "",
            "owner": "156999051350",
            "policy": "{\"Id\":\"__default_policy_ID\",\"Statement\":[{\"Action\":[\"SNS:GetTopicAttributes\",\"SNS:SetTopicAttributes\",\"SNS:AddPermission\",\"SNS:RemovePermission\",\"SNS:DeleteTopic\",\"SNS:Subscribe\",\"SNS:ListSubscriptionsByTopic\",\"SNS:Publish\"],\"Condition\":{\"StringEquals\":{\"AWS:SourceOwner\":\"156999051350\"}},\"Effect\":\"Allow\",\"Principal\":{\"AWS\":\"*\"},\"Resource\":\"arn:aws:sns:ap-southeast-1:156999051350:vapewatch-officer-alerts-9fe14d24\",\"Sid\":\"__default_statement_ID\"}],\"Version\":\"2008-10-17\"}",
            "signature_version": 0,
            "sqs_failure_feedback_role_arn": "",
            "sqs_success_feedback_role_arn": "",
            "sqs_success_feedback_sample_rate": 0,
            "tags": {},
            "tags_all": {},
            "tracing_config": ""
          },
          "sensitive_attributes": [],
          "private": "bnVsbA==",
          "dependencies": [
            "random_id.suffix"
          ]
        }
      ]
    },
    {
      "mode": "managed",
      "type": "random_id",
      "name": "suffix",
      "provider": "provider[\"registry.terraform.io/hashicorp/random\"]",
      "instances": [
        {
          "schema_version": 0,
          "attributes": {
            "b64_std": "n+FNJA==",
            "b64_url": "n-FNJA",
            "byte_length": 4,
            "dec": "2682342692",
            "hex": "9fe14d24",
            "id": "n-FNJA",
            "keepers": null,
            "prefix": null
          },
          "sensitive_attributes": []
        }
      ]
    }
  ],
  "check_results": [
    {
      "object_kind": "var",
      "config_addr": "var.env",
      "status": "pass",
      "objects": [
        {
          "object_addr": "var.env",
          "status": "pass"
        }
      ]
    }
  ]
}
